Microsoft Visual Studio Solution File, Format Version 12.00
# Visual Studio Version 17
VisualStudioVersion = 17.5.2.0
MinimumVisualStudioVersion = 10.0.40219.1
Project("{FAE04EC0-301F-11D3-BF4B-00C04F79EFBC}") = "copilot-ext", "copilot-ext.csproj", "{6D3C295D-D46E-676F-7685-13A7D639A526}"
EndProject
Project("{FAE04EC0-301F-11D3-BF4B-00C04F79EFBC}") = "copilot-ext.Tests", "copilot-ext.Tests\copilot-ext.Tests.csproj", "{DBDB369D-9A57-42BD-BA4E-8347A156C81B}"
EndProject
Global
	GlobalSection(SolutionConfigurationPlatforms) = preSolution
		Debug|Any CPU = Debug|Any CPU
		Release|Any CPU = Release|Any CPU
	EndGlobalSection
	GlobalSection(ProjectConfigurationPlatforms) = postSolution
		{6D3C295D-D46E-676F-7685-13A7D639A526}.Debug|Any CPU.ActiveCfg = Debug|Any CPU
		{6D3C295D-D46E-676F-7685-13A7D639A526}.Debug|Any CPU.Build.0 = Debug|Any CPU
		{6D3C295D-D46E-676F-7685-13A7D639A526}.Release|Any CPU.ActiveCfg = Release|Any CPU
		{6D3C295D-D46E-676F-7685-13A7D639A526}.Release|Any CPU.Build.0 = Release|Any CPU
		{DBDB369D-9A57-42BD-BA4E-8347A156C81B}.Debug|Any CPU.ActiveCfg = Debug|Any CPU
		{DBDB369D-9A57-42BD-BA4E-8347A156C81B}.Debug|Any CPU.Build.0 = Debug|Any CPU
		{DBDB369D-9A57-42BD-BA4E-8347A156C81B}.Release|Any CPU.ActiveCfg = Release|Any CPU
		{DBDB369D-9A57-42BD-BA4E-8347A156C81B}.Release|Any CPU.Build.0 = Release|Any CPU
	EndGlobalSection
	GlobalSection(SolutionProperties) = preSolution
		HideSolutionNode = FALSE
	EndGlobalSection
	GlobalSection(ExtensibilityGlobals) = postSolution
		SolutionGuid = {8A8F4BA0-47B3-4A1F-A844-87853480C551}
	EndGlobalSection
EndGlobal
